
Microsoft Visual Studio Solution File, Format Version 12.00
# Visual Studio Version 16
VisualStudioVersion = 16.0.34031.81
MinimumVisualStudioVersion = 10.0.40219.1
Project("{9A19103F-16F7-4668-BE54-9A1E7A4F7556}") = "Shopping.Client", "Shopping.Client\Shopping.Client.csproj", "{34372301-8129-4306-84D0-CB779F7CFC01}"
EndProject
Project("{FAE04EC0-301F-11D3-BF4B-00C04F79EFBC}") = "Shopping.API", "Shopping.API\Shopping.API.csproj", "{04F0E413-FF81-4EEA-A1D7-C9D243EB3B56}"
EndProject
Global
	GlobalSection(SolutionConfigurationPlatforms) = preSolution
		Debug|Any CPU = Debug|Any CPU
		Release|Any CPU = Release|Any CPU
	EndGlobalSection
	GlobalSection(ProjectConfigurationPlatforms) = postSolution
		{34372301-8129-4306-84D0-CB779F7CFC01}.Debug|Any CPU.ActiveCfg = Debug|Any CPU
		{34372301-8129-4306-84D0-CB779F7CFC01}.Debug|Any CPU.Build.0 = Debug|Any CPU
		{34372301-8129-4306-84D0-CB779F7CFC01}.Release|Any CPU.ActiveCfg = Release|Any CPU
		{34372301-8129-4306-84D0-CB779F7CFC01}.Release|Any CPU.Build.0 = Release|Any CPU
		{04F0E413-FF81-4EEA-A1D7-C9D243EB3B56}.Debug|Any CPU.ActiveCfg = Debug|Any CPU
		{04F0E413-FF81-4EEA-A1D7-C9D243EB3B56}.Debug|Any CPU.Build.0 = Debug|Any CPU
		{04F0E413-FF81-4EEA-A1D7-C9D243EB3B56}.Release|Any CPU.ActiveCfg = Release|Any CPU
		{04F0E413-FF81-4EEA-A1D7-C9D243EB3B56}.Release|Any CPU.Build.0 = Release|Any CPU
	EndGlobalSection
	GlobalSection(SolutionProperties) = preSolution
		HideSolutionNode = FALSE
	EndGlobalSection
	GlobalSection(ExtensibilityGlobals) = postSolution
		SolutionGuid = {B0085623-1CD0-403F-BC19-F4310E3DFB06}
	EndGlobalSection
EndGlobal
